
Microsoft Visual Studio Solution File, Format Version 12.00
# Visual Studio Version 17
VisualStudioVersion = 17.9.34723.18
MinimumVisualStudioVersion = 10.0.40219.1
Project("{FAE04EC0-301F-11D3-BF4B-00C04F79EFBC}") = "LatestVersionTest", "LatestVersionTest\LatestVersionTest.csproj", "{ECD003E0-029A-4A21-BD35-0085BFA525F9}"
EndProject
Global
	GlobalSection(SolutionConfigurationPlatforms) = preSolution
		Debug|Any CPU = Debug|Any CPU
		Release|Any CPU = Release|Any CPU
	EndGlobalSection
	GlobalSection(ProjectConfigurationPlatforms) = postSolution
		{ECD003E0-029A-4A21-BD35-0085BFA525F9}.Debug|Any CPU.ActiveCfg = Debug|Any CPU
		{ECD003E0-029A-4A21-BD35-0085BFA525F9}.Debug|Any CPU.Build.0 = Debug|Any CPU
		{ECD003E0-029A-4A21-BD35-0085BFA525F9}.Release|Any CPU.ActiveCfg = Release|Any CPU
		{ECD003E0-029A-4A21-BD35-0085BFA525F9}.Release|Any CPU.Build.0 = Release|Any CPU
	EndGlobalSection
	GlobalSection(SolutionProperties) = preSolution
		HideSolutionNode = FALSE
	EndGlobalSection
	GlobalSection(ExtensibilityGlobals) = postSolution
		SolutionGuid = {931F955A-D160-4C6E-A7F4-F02CC03A6D75}
	EndGlobalSection
EndGlobal
